// !$*UTF8*$!
{
	archiveVersion = 1;
	classes = {
	};
	objectVersion = 46;
	objects = {

/* Begin PBXBuildFile section */
		24A991497A142FEA33995478 /* libPods-AcceptanceTests.a in Frameworks */ = {isa = PBXBuildFile; fileRef = 803F7B399C0DDDAEE3C1F630 /* libPods-AcceptanceTests.a */; };
		8C175F9E1CF5DE4100CD18C4 /* AppDelegate.swift in Sources */ = {isa = PBXBuildFile; fileRef = 8C175F9D1CF5DE4100CD18C4 /* AppDelegate.swift */; };
		8C175FA01CF5DE4100CD18C4 /* ViewController.swift in Sources */ = {isa = PBXBuildFile; fileRef = 8C175F9F1CF5DE4100CD18C4 /* ViewController.swift */; };
		8C175FA31CF5DE4100CD18C4 /* Main.storyboard in Resources */ = {isa = PBXBuildFile; fileRef = 8C175FA11CF5DE4100CD18C4 /* Main.storyboard */; };
		8C175FA51CF5DE4100CD18C4 /* Assets.xcassets in Resources */ = {isa = PBXBuildFile; fileRef = 8C175FA41CF5DE4100CD18C4 /* Assets.xcassets */; };
		8C175FA81CF5DE4100CD18C4 /* LaunchScreen.storyboard in Resources */ = {isa = PBXBuildFile; fileRef = 8C175FA61CF5DE4100CD18C4 /* LaunchScreen.storyboard */; };
		8C175FD91CF5E30F00CD18C4 /* AcceptanceTests.m in Sources */ = {isa = PBXBuildFile; fileRef = 8C175FD81CF5E30F00CD18C4 /* AcceptanceTests.m */; };
		8C175FDC1CF5E30F00CD18C4 /* FixtureExample.swift in Sources */ = {isa = PBXBuildFile; fileRef = 8C175FDB1CF5E30F00CD18C4 /* FixtureExample.swift */; };
		8C175FE01CF5E30F00CD18C4 /* Empty.xib in Resources */ = {isa = PBXBuildFile; fileRef = 8C175FDF1CF5E30F00CD18C4 /* Empty.xib */; };
		8C175FE61CF5E81F00CD18C4 /* CreateTemperatureStates.swift in Sources */ = {isa = PBXBuildFile; fileRef = 8C175FE51CF5E81F00CD18C4 /* CreateTemperatureStates.swift */; };
		8C175FE81CF5EAEB00CD18C4 /* TemperatureRanges.swift in Sources */ = {isa = PBXBuildFile; fileRef = 8C175FE71CF5EAEB00CD18C4 /* TemperatureRanges.swift */; };
		8C175FEA1CF5F19500CD18C4 /* TemperatureSettingsDisplay.swift in Sources */ = {isa = PBXBuildFile; fileRef = 8C175FE91CF5F19500CD18C4 /* TemperatureSettingsDisplay.swift */; };
		8C175FEB1CF5F19500CD18C4 /* TemperatureSettingsDisplay.swift in Sources */ = {isa = PBXBuildFile; fileRef = 8C175FE91CF5F19500CD18C4 /* TemperatureSettingsDisplay.swift */; };
		8C175FED1CF5F4BE00CD18C4 /* TemperatureSettingsPresenter.swift in Sources */ = {isa = PBXBuildFile; fileRef = 8C175FEC1CF5F4BE00CD18C4 /* TemperatureSettingsPresenter.swift */; };
		8C175FEE1CF5F4BE00CD18C4 /* TemperatureSettingsPresenter.swift in Sources */ = {isa = PBXBuildFile; fileRef = 8C175FEC1CF5F4BE00CD18C4 /* TemperatureSettingsPresenter.swift */; };
		8C175FF01CF5F4F200CD18C4 /* TemperatureSettingsPresenterTests.swift in Sources */ = {isa = PBXBuildFile; fileRef = 8C175FEF1CF5F4F200CD18C4 /* TemperatureSettingsPresenterTests.swift */; };
		8C175FF21CF5F8E700CD18C4 /* TemperatureSettingsDisplaySpy.swift in Sources */ = {isa = PBXBuildFile; fileRef = 8C175FF11CF5F8E700CD18C4 /* TemperatureSettingsDisplaySpy.swift */; };
		8C175FF41CF5FB4700CD18C4 /* TemperatureSettingsInteractorOutput.swift in Sources */ = {isa = PBXBuildFile; fileRef = 8C175FF31CF5FB4700CD18C4 /* TemperatureSettingsInteractorOutput.swift */; };
		8C175FF51CF5FB4700CD18C4 /* TemperatureSettingsInteractorOutput.swift in Sources */ = {isa = PBXBuildFile; fileRef = 8C175FF31CF5FB4700CD18C4 /* TemperatureSettingsInteractorOutput.swift */; };
		8CD99ED31D00478A0019750B /* TemperatureSettingsInteractorTests.swift in Sources */ = {isa = PBXBuildFile; fileRef = 8CD99ED21D00478A0019750B /* TemperatureSettingsInteractorTests.swift */; };
		8CD99ED51D0047F60019750B /* TemperatureSettingsInteractor.swift in Sources */ = {isa = PBXBuildFile; fileRef = 8CD99ED41D0047F60019750B /* TemperatureSettingsInteractor.swift */; };
		8CD99ED71D0063730019750B /* TemperatureSettingsInteractorOutputSpy.swift in Sources */ = {isa = PBXBuildFile; fileRef = 8CD99ED61D0063730019750B /* TemperatureSettingsInteractorOutputSpy.swift */; };
		8CD99EDF1D00B46E0019750B /* TemperatureSettingEntity.swift in Sources */ = {isa = PBXBuildFile; fileRef = 8CD99EDE1D00B46E0019750B /* TemperatureSettingEntity.swift */; };
		8CD99EE11D00DBD80019750B /* TemperatureSettingEntity.swift in Sources */ = {isa = PBXBuildFile; fileRef = 8CD99EDE1D00B46E0019750B /* TemperatureSettingEntity.swift */; };
		8CD99EE21D00DC550019750B /* TemperatureSettingsInteractor.swift in Sources */ = {isa = PBXBuildFile; fileRef = 8CD99ED41D0047F60019750B /* TemperatureSettingsInteractor.swift */; };
		8CD99EE31D015F2E0019750B /* TemperatureSettingEntityGatewaySimple.swift in Sources */ = {isa = PBXBuildFile; fileRef = 8CD99EDB1D006C490019750B /* TemperatureSettingEntityGatewaySimple.swift */; };
		8CD99EE41D0164010019750B /* TemperatureSettingEntityGatewaySimple.swift in Sources */ = {isa = PBXBuildFile; fileRef = 8CD99EDB1D006C490019750B /* TemperatureSettingEntityGatewaySimple.swift */; };
		8CD99EE61D017F5F0019750B /* TemperatureSettingEntityTests.swift in Sources */ = {isa = PBXBuildFile; fileRef = 8CD99EE51D017F5F0019750B /* TemperatureSettingEntityTests.swift */; };
/* End PBXBuildFile section */

/* Begin PBXContainerItemProxy section */
		8C175FAF1CF5DE4100CD18C4 /* PBXContainerItemProxy */ = {
			isa = PBXContainerItemProxy;
			containerPortal = 8C175F921CF5DE4100CD18C4 /* Project object */;
			proxyType = 1;
			remoteGlobalIDString = 8C175F991CF5DE4100CD18C4;
			remoteInfo = CosyHome;
		};
/* End PBXContainerItemProxy section */

/* Begin PBXFileReference section */
		803F7B399C0DDDAEE3C1F630 /* libPods-AcceptanceTests.a */ = {isa = PBXFileReference; explicitFileType = archive.ar; includeInIndex = 0; path = "libPods-AcceptanceTests.a"; sourceTree = BUILT_PRODUCTS_DIR; };
		89145F371D367340B4EE1E0C /* Pods-AcceptanceTests.debug.xcconfig */ = {isa = PBXFileReference; includeInIndex = 1; lastKnownFileType = text.xcconfig; name = "Pods-AcceptanceTests.debug.xcconfig"; path = "Pods/Target Support Files/Pods-AcceptanceTests/Pods-AcceptanceTests.debug.xcconfig"; sourceTree = "<group>"; };
		8C175F9A1CF5DE4100CD18C4 /* CosyHome.app */ = {isa = PBXFileReference; explicitFileType = wrapper.application; includeInIndex = 0; path = CosyHome.app; sourceTree = BUILT_PRODUCTS_DIR; };
		8C175F9D1CF5DE4100CD18C4 /* AppDelegate.swift */ = {isa = PBXFileReference; lastKnownFileType = sourcecode.swift; path = AppDelegate.swift; sourceTree = "<group>"; };
		8C175F9F1CF5DE4100CD18C4 /* ViewController.swift */ = {isa = PBXFileReference; lastKnownFileType = sourcecode.swift; path = ViewController.swift; sourceTree = "<group>"; };
		8C175FA21CF5DE4100CD18C4 /* Base */ = {isa = PBXFileReference; lastKnownFileType = file.storyboard; name = Base; path = Base.lproj/Main.storyboard; sourceTree = "<group>"; };
		8C175FA41CF5DE4100CD18C4 /* Assets.xcassets */ = {isa = PBXFileReference; lastKnownFileType = folder.assetcatalog; path = Assets.xcassets; sourceTree = "<group>"; };
		8C175FA71CF5DE4100CD18C4 /* Base */ = {isa = PBXFileReference; lastKnownFileType = file.storyboard; name = Base; path = Base.lproj/LaunchScreen.storyboard; sourceTree = "<group>"; };
		8C175FA91CF5DE4100CD18C4 /* Info.plist */ = {isa = PBXFileReference; lastKnownFileType = text.plist.xml; path = Info.plist; sourceTree = "<group>"; };
		8C175FAE1CF5DE4100CD18C4 /* CosyHomeTests.xctest */ = {isa = PBXFileReference; explicitFileType = wrapper.cfbundle; includeInIndex = 0; path = CosyHomeTests.xctest; sourceTree = BUILT_PRODUCTS_DIR; };
		8C175FB41CF5DE4100CD18C4 /* Info.plist */ = {isa = PBXFileReference; lastKnownFileType = text.plist.xml; path = Info.plist; sourceTree = "<group>"; };
		8C175FD51CF5E30F00CD18C4 /* AcceptanceTests.app */ = {isa = PBXFileReference; explicitFileType = wrapper.application; includeInIndex = 0; path = AcceptanceTests.app; sourceTree = BUILT_PRODUCTS_DIR; };
		8C175FD81CF5E30F00CD18C4 /* AcceptanceTests.m */ = {isa = PBXFileReference; lastKnownFileType = sourcecode.c.objc; path = AcceptanceTests.m; sourceTree = "<group>"; };
		8C175FDB1CF5E30F00CD18C4 /* FixtureExample.swift */ = {isa = PBXFileReference; lastKnownFileType = sourcecode.swift; path = FixtureExample.swift; sourceTree = "<group>"; };
		8C175FDD1CF5E30F00CD18C4 /* SlimTables.h */ = {isa = PBXFileReference; lastKnownFileType = sourcecode.c.h; path = SlimTables.h; sourceTree = "<group>"; };
		8C175FDE1CF5E30F00CD18C4 /* AcceptanceTests-Bridging-Header.h */ = {isa = PBXFileReference; lastKnownFileType = sourcecode.c.h; path = "AcceptanceTests-Bridging-Header.h"; sourceTree = "<group>"; };
		8C175FDF1CF5E30F00CD18C4 /* Empty.xib */ = {isa = PBXFileReference; lastKnownFileType = file.xib; path = Empty.xib; sourceTree = "<group>"; };
		8C175FE11CF5E30F00CD18C4 /* Info.plist */ = {isa = PBXFileReference; lastKnownFileType = text.plist.xml; path = Info.plist; sourceTree = "<group>"; };
		8C175FE51CF5E81F00CD18C4 /* CreateTemperatureStates.swift */ = {isa = PBXFileReference; fileEncoding = 4; lastKnownFileType = sourcecode.swift; path = CreateTemperatureStates.swift; sourceTree = "<group>"; };
		8C175FE71CF5EAEB00CD18C4 /* TemperatureRanges.swift */ = {isa = PBXFileReference; fileEncoding = 4; lastKnownFileType = sourcecode.swift; path = TemperatureRanges.swift; sourceTree = "<group>"; };
		8C175FE91CF5F19500CD18C4 /* TemperatureSettingsDisplay.swift */ = {isa = PBXFileReference; fileEncoding = 4; lastKnownFileType = sourcecode.swift; path = TemperatureSettingsDisplay.swift; sourceTree = "<group>"; };
		8C175FEC1CF5F4BE00CD18C4 /* TemperatureSettingsPresenter.swift */ = {isa = PBXFileReference; fileEncoding = 4; lastKnownFileType = sourcecode.swift; path = TemperatureSettingsPresenter.swift; sourceTree = "<group>"; };
		8C175FEF1CF5F4F200CD18C4 /* TemperatureSettingsPresenterTests.swift */ = {isa = PBXFileReference; fileEncoding = 4; lastKnownFileType = sourcecode.swift; name = TemperatureSettingsPresenterTests.swift; path = CosyHomeTests/TemperatureSettingsPresenterTests.swift; sourceTree = SOURCE_ROOT; };
		8C175FF11CF5F8E700CD18C4 /* TemperatureSettingsDisplaySpy.swift */ = {isa = PBXFileReference; fileEncoding = 4; lastKnownFileType = sourcecode.swift; name = TemperatureSettingsDisplaySpy.swift; path = CosyHomeTests/TemperatureSettingsDisplaySpy.swift; sourceTree = SOURCE_ROOT; };
		8C175FF31CF5FB4700CD18C4 /* TemperatureSettingsInteractorOutput.swift */ = {isa = PBXFileReference; fileEncoding = 4; lastKnownFileType = sourcecode.swift; path = TemperatureSettingsInteractorOutput.swift; sourceTree = "<group>"; };
		8CD99ED21D00478A0019750B /* TemperatureSettingsInteractorTests.swift */ = {isa = PBXFileReference; fileEncoding = 4; lastKnownFileType = sourcecode.swift; path = TemperatureSettingsInteractorTests.swift; sourceTree = "<group>"; };
		8CD99ED41D0047F60019750B /* TemperatureSettingsInteractor.swift */ = {isa = PBXFileReference; fileEncoding = 4; lastKnownFileType = sourcecode.swift; path = TemperatureSettingsInteractor.swift; sourceTree = "<group>"; };
		8CD99ED61D0063730019750B /* TemperatureSettingsInteractorOutputSpy.swift */ = {isa = PBXFileReference; fileEncoding = 4; lastKnownFileType = sourcecode.swift; name = TemperatureSettingsInteractorOutputSpy.swift; path = CosyHomeTests/TemperatureSettingsInteractorOutputSpy.swift; sourceTree = SOURCE_ROOT; };
		8CD99EDB1D006C490019750B /* TemperatureSettingEntityGatewaySimple.swift */ = {isa = PBXFileReference; fileEncoding = 4; lastKnownFileType = sourcecode.swift; name = TemperatureSettingEntityGatewaySimple.swift; path = CosyHomeTests/TemperatureSettingEntityGatewaySimple.swift; sourceTree = SOURCE_ROOT; };
		8CD99EDE1D00B46E0019750B /* TemperatureSettingEntity.swift */ = {isa = PBXFileReference; fileEncoding = 4; lastKnownFileType = sourcecode.swift; path = TemperatureSettingEntity.swift; sourceTree = "<group>"; };
		8CD99EE51D017F5F0019750B /* TemperatureSettingEntityTests.swift */ = {isa = PBXFileReference; fileEncoding = 4; lastKnownFileType = sourcecode.swift; name = TemperatureSettingEntityTests.swift; path = CosyHomeTests/TemperatureSettingEntityTests.swift; sourceTree = SOURCE_ROOT; };
		96BB3160EF7232E9F7A9D4CE /* Pods-AcceptanceTests.release.xcconfig */ = {isa = PBXFileReference; includeInIndex = 1; lastKnownFileType = text.xcconfig; name = "Pods-AcceptanceTests.release.xcconfig"; path = "Pods/Target Support Files/Pods-AcceptanceTests/Pods-AcceptanceTests.release.xcconfig"; sourceTree = "<group>"; };
/* End PBXFileReference section */

/* Begin PBXFrameworksBuildPhase section */
		8C175F971CF5DE4100CD18C4 /* Frameworks */ = {
			isa = PBXFrameworksBuildPhase;
			buildActionMask = 2147483647;
			files = (
			);
			runOnlyForDeploymentPostprocessing = 0;
		};
		8C175FAB1CF5DE4100CD18C4 /* Frameworks */ = {
			isa = PBXFrameworksBuildPhase;
			buildActionMask = 2147483647;
			files = (
			);
			runOnlyForDeploymentPostprocessing = 0;
		};
		8C175FD11CF5E30F00CD18C4 /* Frameworks */ = {
			isa = PBXFrameworksBuildPhase;
			buildActionMask = 2147483647;
			files = (
				24A991497A142FEA33995478 /* libPods-AcceptanceTests.a in Frameworks */,
			);
			runOnlyForDeploymentPostprocessing = 0;
		};
/* End PBXFrameworksBuildPhase section */

/* Begin PBXGroup section */
		614F39E3732B252E6310C243 /* Pods */ = {
			isa = PBXGroup;
			children = (
				89145F371D367340B4EE1E0C /* Pods-AcceptanceTests.debug.xcconfig */,
				96BB3160EF7232E9F7A9D4CE /* Pods-AcceptanceTests.release.xcconfig */,
			);
			name = Pods;
			sourceTree = "<group>";
		};
		8C175F911CF5DE4100CD18C4 = {
			isa = PBXGroup;
			children = (
				8C175F9C1CF5DE4100CD18C4 /* CosyHome */,
				8C175FB11CF5DE4100CD18C4 /* CosyHomeTests */,
				8C175FD61CF5E30F00CD18C4 /* AcceptanceTests */,
				8C175F9B1CF5DE4100CD18C4 /* Products */,
				614F39E3732B252E6310C243 /* Pods */,
				E2008B8CF5EE238D3B24EC18 /* Frameworks */,
			);
			sourceTree = "<group>";
		};
		8C175F9B1CF5DE4100CD18C4 /* Products */ = {
			isa = PBXGroup;
			children = (
				8C175F9A1CF5DE4100CD18C4 /* CosyHome.app */,
				8C175FAE1CF5DE4100CD18C4 /* CosyHomeTests.xctest */,
				8C175FD51CF5E30F00CD18C4 /* AcceptanceTests.app */,
			);
			name = Products;
			sourceTree = "<group>";
		};
		8C175F9C1CF5DE4100CD18C4 /* CosyHome */ = {
			isa = PBXGroup;
			children = (
				8C175FF71CF5FBF800CD18C4 /* App Gumph */,
				8C175FF61CF5FBEF00CD18C4 /* Temperature Settings */,
				8CD99EDD1D00B4120019750B /* Enterprise Entities */,
			);
			path = CosyHome;
			sourceTree = "<group>";
		};
		8C175FB11CF5DE4100CD18C4 /* CosyHomeTests */ = {
			isa = PBXGroup;
			children = (
				8C175FB41CF5DE4100CD18C4 /* Info.plist */,
			);
			path = CosyHomeTests;
			sourceTree = "<group>";
		};
		8C175FD61CF5E30F00CD18C4 /* AcceptanceTests */ = {
			isa = PBXGroup;
			children = (
				8C175FE11CF5E30F00CD18C4 /* Info.plist */,
				8C175FDA1CF5E30F00CD18C4 /* Fixtures */,
				8C175FD71CF5E30F00CD18C4 /* Supporting Files */,
			);
			path = AcceptanceTests;
			sourceTree = "<group>";
		};
		8C175FD71CF5E30F00CD18C4 /* Supporting Files */ = {
			isa = PBXGroup;
			children = (
				8C175FD81CF5E30F00CD18C4 /* AcceptanceTests.m */,
				8C175FDD1CF5E30F00CD18C4 /* SlimTables.h */,
				8C175FDE1CF5E30F00CD18C4 /* AcceptanceTests-Bridging-Header.h */,
				8C175FDF1CF5E30F00CD18C4 /* Empty.xib */,
			);
			name = "Supporting Files";
			sourceTree = "<group>";
		};
		8C175FDA1CF5E30F00CD18C4 /* Fixtures */ = {
			isa = PBXGroup;
			children = (
				8C175FDB1CF5E30F00CD18C4 /* FixtureExample.swift */,
				8C175FE51CF5E81F00CD18C4 /* CreateTemperatureStates.swift */,
				8C175FE71CF5EAEB00CD18C4 /* TemperatureRanges.swift */,
			);
			name = Fixtures;
			sourceTree = "<group>";
		};
		8C175FF61CF5FBEF00CD18C4 /* Temperature Settings */ = {
			isa = PBXGroup;
			children = (
				8C175FF81CF5FC0000CD18C4 /* V.iew */,
				8C175FFA1CF5FC1400CD18C4 /* I.nteractor */,
				8C175FF91CF5FC0700CD18C4 /* P.resenter */,
				8CD99EDA1D00651A0019750B /* E.ntity */,
			);
			name = "Temperature Settings";
			sourceTree = "<group>";
		};
		8C175FF71CF5FBF800CD18C4 /* App Gumph */ = {
			isa = PBXGroup;
			children = (
				8C175F9D1CF5DE4100CD18C4 /* AppDelegate.swift */,
				8C175F9F1CF5DE4100CD18C4 /* ViewController.swift */,
				8C175FA11CF5DE4100CD18C4 /* Main.storyboard */,
				8C175FA41CF5DE4100CD18C4 /* Assets.xcassets */,
				8C175FA61CF5DE4100CD18C4 /* LaunchScreen.storyboard */,
				8C175FA91CF5DE4100CD18C4 /* Info.plist */,
			);
			name = "App Gumph";
			sourceTree = "<group>";
		};
		8C175FF81CF5FC0000CD18C4 /* V.iew */ = {
			isa = PBXGroup;
			children = (
				8C175FE91CF5F19500CD18C4 /* TemperatureSettingsDisplay.swift */,
				8C175FF11CF5F8E700CD18C4 /* TemperatureSettingsDisplaySpy.swift */,
			);
			name = V.iew;
			sourceTree = "<group>";
		};
		8C175FF91CF5FC0700CD18C4 /* P.resenter */ = {
			isa = PBXGroup;
			children = (
				8C175FEC1CF5F4BE00CD18C4 /* TemperatureSettingsPresenter.swift */,
				8C175FEF1CF5F4F200CD18C4 /* TemperatureSettingsPresenterTests.swift */,
			);
			name = P.resenter;
			sourceTree = "<group>";
		};
		8C175FFA1CF5FC1400CD18C4 /* I.nteractor */ = {
			isa = PBXGroup;
			children = (
				8CD99ED41D0047F60019750B /* TemperatureSettingsInteractor.swift */,
				8CD99ED21D00478A0019750B /* TemperatureSettingsInteractorTests.swift */,
				8C175FF31CF5FB4700CD18C4 /* TemperatureSettingsInteractorOutput.swift */,
				8CD99ED61D0063730019750B /* TemperatureSettingsInteractorOutputSpy.swift */,
			);
			name = I.nteractor;
			sourceTree = "<group>";
		};
		8CD99EDA1D00651A0019750B /* E.ntity */ = {
			isa = PBXGroup;
			children = (
			);
			name = E.ntity;
			sourceTree = "<group>";
		};
		8CD99EDD1D00B4120019750B /* Enterprise Entities */ = {
			isa = PBXGroup;
			children = (
				8CD99EDE1D00B46E0019750B /* TemperatureSettingEntity.swift */,
				8CD99EE51D017F5F0019750B /* TemperatureSettingEntityTests.swift */,
				8CD99EDB1D006C490019750B /* TemperatureSettingEntityGatewaySimple.swift */,
			);
			name = "Enterprise Entities";
			sourceTree = "<group>";
		};
		E2008B8CF5EE238D3B24EC18 /* Frameworks */ = {
			isa = PBXGroup;
			children = (
				803F7B399C0DDDAEE3C1F630 /* libPods-AcceptanceTests.a */,
			);
			name = Frameworks;
			sourceTree = "<group>";
		};
/* End PBXGroup section */

/* Begin PBXNativeTarget section */
		8C175F991CF5DE4100CD18C4 /* CosyHome */ = {
			isa = PBXNativeTarget;
			buildConfigurationList = 8C175FB71CF5DE4100CD18C4 /* Build configuration list for PBXNativeTarget "CosyHome" */;
			buildPhases = (
				8C175F961CF5DE4100CD18C4 /* Sources */,
				8C175F971CF5DE4100CD18C4 /* Frameworks */,
				8C175F981CF5DE4100CD18C4 /* Resources */,
			);
			buildRules = (
			);
			dependencies = (
			);
			name = CosyHome;
			productName = CosyHome;
			productReference = 8C175F9A1CF5DE4100CD18C4 /* CosyHome.app */;
			productType = "com.apple.product-type.application";
		};
		8C175FAD1CF5DE4100CD18C4 /* CosyHomeTests */ = {
			isa = PBXNativeTarget;
			buildConfigurationList = 8C175FBA1CF5DE4100CD18C4 /* Build configuration list for PBXNativeTarget "CosyHomeTests" */;
			buildPhases = (
				8C175FAA1CF5DE4100CD18C4 /* Sources */,
				8C175FAB1CF5DE4100CD18C4 /* Frameworks */,
				8C175FAC1CF5DE4100CD18C4 /* Resources */,
			);
			buildRules = (
			);
			dependencies = (
				8C175FB01CF5DE4100CD18C4 /* PBXTargetDependency */,
			);
			name = CosyHomeTests;
			productName = CosyHomeTests;
			productReference = 8C175FAE1CF5DE4100CD18C4 /* CosyHomeTests.xctest */;
			productType = "com.apple.product-type.bundle.unit-test";
		};
		8C175FD41CF5E30F00CD18C4 /* AcceptanceTests */ = {
			isa = PBXNativeTarget;
			buildConfigurationList = 8C175FE21CF5E30F00CD18C4 /* Build configuration list for PBXNativeTarget "AcceptanceTests" */;
			buildPhases = (
				7861FD7FDFF34CA3396B8CB7 /* Check Pods Manifest.lock */,
				8C175FD01CF5E30F00CD18C4 /* Sources */,
				8C175FD11CF5E30F00CD18C4 /* Frameworks */,
				8C175FD21CF5E30F00CD18C4 /* Resources */,
				8C175FD31CF5E30F00CD18C4 /* ShellScript */,
				9DFF7D2F8F8CB15C6310D38B /* Embed Pods Frameworks */,
				4F31A8D063F3CF30BF043E49 /* Copy Pods Resources */,
			);
			buildRules = (
			);
			dependencies = (
			);
			name = AcceptanceTests;
			productName = AcceptanceTests;
			productReference = 8C175FD51CF5E30F00CD18C4 /* AcceptanceTests.app */;
			productType = "com.apple.product-type.application";
		};
/* End PBXNativeTarget section */

/* Begin PBXProject section */
		8C175F921CF5DE4100CD18C4 /* Project object */ = {
			isa = PBXProject;
			attributes = {
				LastSwiftUpdateCheck = 0730;
				LastUpgradeCheck = 0730;
				ORGANIZATIONNAME = stringerstheory;
				TargetAttributes = {
					8C175F991CF5DE4100CD18C4 = {
						CreatedOnToolsVersion = 7.3.1;
					};
					8C175FAD1CF5DE4100CD18C4 = {
						CreatedOnToolsVersion = 7.3.1;
						TestTargetID = 8C175F991CF5DE4100CD18C4;
					};
					8C175FD41CF5E30F00CD18C4 = {
						CreatedOnToolsVersion = 7.3.1;
					};
				};
			};
			buildConfigurationList = 8C175F951CF5DE4100CD18C4 /* Build configuration list for PBXProject "CosyHome" */;
			compatibilityVersion = "Xcode 3.2";
			developmentRegion = English;
			hasScannedForEncodings = 0;
			knownRegions = (
				en,
				Base,
			);
			mainGroup = 8C175F911CF5DE4100CD18C4;
			productRefGroup = 8C175F9B1CF5DE4100CD18C4 /* Products */;
			projectDirPath = "";
			projectRoot = "";
			targets = (
				8C175F991CF5DE4100CD18C4 /* CosyHome */,
				8C175FAD1CF5DE4100CD18C4 /* CosyHomeTests */,
				8C175FD41CF5E30F00CD18C4 /* AcceptanceTests */,
			);
		};
/* End PBXProject section */

/* Begin PBXResourcesBuildPhase section */
		8C175F981CF5DE4100CD18C4 /* Resources */ = {
			isa = PBXResourcesBuildPhase;
			buildActionMask = 2147483647;
			files = (
				8C175FA81CF5DE4100CD18C4 /* LaunchScreen.storyboard in Resources */,
				8C175FA51CF5DE4100CD18C4 /* Assets.xcassets in Resources */,
				8C175FA31CF5DE4100CD18C4 /* Main.storyboard in Resources */,
			);
			runOnlyForDeploymentPostprocessing = 0;
		};
		8C175FAC1CF5DE4100CD18C4 /* Resources */ = {
			isa = PBXResourcesBuildPhase;
			buildActionMask = 2147483647;
			files = (
			);
			runOnlyForDeploymentPostprocessing = 0;
		};
		8C175FD21CF5E30F00CD18C4 /* Resources */ = {
			isa = PBXResourcesBuildPhase;
			buildActionMask = 2147483647;
			files = (
				8C175FE01CF5E30F00CD18C4 /* Empty.xib in Resources */,
			);
			runOnlyForDeploymentPostprocessing = 0;
		};
/* End PBXResourcesBuildPhase section */

/* Begin PBXShellScriptBuildPhase section */
		4F31A8D063F3CF30BF043E49 /* Copy Pods Resources */ = {
			isa = PBXShellScriptBuildPhase;
			buildActionMask = 2147483647;
			files = (
			);
			inputPaths = (
			);
			name = "Copy Pods Resources";
			outputPaths = (
			);
			runOnlyForDeploymentPostprocessing = 0;
			shellPath = /bin/sh;
			shellScript = "\"${SRCROOT}/Pods/Target Support Files/Pods-AcceptanceTests/Pods-AcceptanceTests-resources.sh\"\n";
			showEnvVarsInLog = 0;
		};
		7861FD7FDFF34CA3396B8CB7 /* Check Pods Manifest.lock */ = {
			isa = PBXShellScriptBuildPhase;
			buildActionMask = 2147483647;
			files = (
			);
			inputPaths = (
			);
			name = "Check Pods Manifest.lock";
			outputPaths = (
			);
			runOnlyForDeploymentPostprocessing = 0;
			shellPath = /bin/sh;
			shellScript = "diff \"${PODS_ROOT}/../Podfile.lock\" \"${PODS_ROOT}/Manifest.lock\" > /dev/null\nif [[ $? != 0 ]] ; then\n    cat << EOM\nerror: The sandbox is not in sync with the Podfile.lock. Run 'pod install' or update your CocoaPods installation.\nEOM\n    exit 1\nfi\n";
			showEnvVarsInLog = 0;
		};
		8C175FD31CF5E30F00CD18C4 /* ShellScript */ = {
			isa = PBXShellScriptBuildPhase;
			buildActionMask = 2147483647;
			files = (
			);
			inputPaths = (
			);
			outputPaths = (
			);
			runOnlyForDeploymentPostprocessing = 0;
			shellPath = /bin/sh;
			shellScript = "# Validate Project Build Settings\nif [ -z \"${OCSLIMPROJECT_BUNDLE_RESOURCES_DIR}\" ]; then\n   echo \"Missing expected OCSlimProject build settings. Running '$ pod update' may fix this problem\"\n   exit 1\nfi\n\n# Export Build Environment to Bundle Location\nENV_TARGET=${OCSLIMPROJECT_BUNDLE_RESOURCES_DIR}/env.sh\n\nfunction exportTestRunnerEnv {\n    mkdir -p \"$(dirname \"$ENV_TARGET\")\" && touch \"$ENV_TARGET\"\n    export | egrep '(INSTALL_DIR)|(PRODUCT_NAME)|(TARGET_BUILD_DIR)|(EXECUTABLE_FOLDER_PATH)|(DEPLOYMENT_TARGET_SUGGESTED_VALUES)|(EXECUTABLE_PATH)' > $ENV_TARGET\n}\n\n# Write Test Runner Script To Project Root\nTESTRUNNER_SOURCE=${OCSLIMPROJECT_BUNDLE_RESOURCES_DIR}/RunTestsTargetWithSlimPort\nTESTRUNNER_TARGET=${PROJECT_DIR}/OCSlimProjectTestRunner.sh\n\nfunction writeTestRunnerScript {\n    \n    if [ -f \"$TESTRUNNER_TARGET\" ]; then\n        rm $TESTRUNNER_TARGET\n    fi\n    \n    echo '#!/bin/sh' > $TESTRUNNER_TARGET\n    echo $TESTRUNNER_SOURCE '$1' >> $TESTRUNNER_TARGET\n    chmod +x $TESTRUNNER_TARGET\n    \n}\n\n# Symbolic Link LaunchFitnesse to Project Root\nLAUNCHFITNESSE_SCRIPTNAME=LaunchFitnesse\nLAUNCHFITNESSE_SOURCE=${OCSLIMPROJECT_BUNDLE_RESOURCES_DIR}/$LAUNCHFITNESSE_SCRIPTNAME\nLAUNCHFITNESSE_TARGET=${PROJECT_DIR}/$LAUNCHFITNESSE_SCRIPTNAME\n\nfunction linkFitnesseScript {\n    \n    if [ -L $LAUNCHFITNESSE_TARGET ]; then\n        unlink $LAUNCHFITNESSE_TARGET\n    fi\n    \n    ln -s $LAUNCHFITNESSE_SOURCE $(dirname \"$LAUNCHFITNESSE_TARGET\")\n}\n\n\n###\n\nexportTestRunnerEnv\nwriteTestRunnerScript\nlinkFitnesseScript";
		};
		9DFF7D2F8F8CB15C6310D38B /* Embed Pods Frameworks */ = {
			isa = PBXShellScriptBuildPhase;
			buildActionMask = 2147483647;
			files = (
			);
			inputPaths = (
			);
			name = "Embed Pods Frameworks";
			outputPaths = (
			);
			runOnlyForDeploymentPostprocessing = 0;
			shellPath = /bin/sh;
			shellScript = "\"${SRCROOT}/Pods/Target Support Files/Pods-AcceptanceTests/Pods-AcceptanceTests-frameworks.sh\"\n";
			showEnvVarsInLog = 0;
		};
/* End PBXShellScriptBuildPhase section */

/* Begin PBXSourcesBuildPhase section */
		8C175F961CF5DE4100CD18C4 /* Sources */ = {
			isa = PBXSourcesBuildPhase;
			buildActionMask = 2147483647;
			files = (
				8C175FA01CF5DE4100CD18C4 /* ViewController.swift in Sources */,
				8C175FF41CF5FB4700CD18C4 /* TemperatureSettingsInteractorOutput.swift in Sources */,
				8CD99EDF1D00B46E0019750B /* TemperatureSettingEntity.swift in Sources */,
				8C175F9E1CF5DE4100CD18C4 /* AppDelegate.swift in Sources */,
				8C175FEA1CF5F19500CD18C4 /* TemperatureSettingsDisplay.swift in Sources */,
				8CD99EE41D0164010019750B /* TemperatureSettingEntityGatewaySimple.swift in Sources */,
				8CD99ED51D0047F60019750B /* TemperatureSettingsInteractor.swift in Sources */,
				8C175FED1CF5F4BE00CD18C4 /* TemperatureSettingsPresenter.swift in Sources */,
			);
			runOnlyForDeploymentPostprocessing = 0;
		};
		8C175FAA1CF5DE4100CD18C4 /* Sources */ = {
			isa = PBXSourcesBuildPhase;
			buildActionMask = 2147483647;
			files = (
				8CD99EE61D017F5F0019750B /* TemperatureSettingEntityTests.swift in Sources */,
				8CD99ED71D0063730019750B /* TemperatureSettingsInteractorOutputSpy.swift in Sources */,
				8C175FF01CF5F4F200CD18C4 /* TemperatureSettingsPresenterTests.swift in Sources */,
				8C175FF21CF5F8E700CD18C4 /* TemperatureSettingsDisplaySpy.swift in Sources */,
				8CD99ED31D00478A0019750B /* TemperatureSettingsInteractorTests.swift in Sources */,
			);
			runOnlyForDeploymentPostprocessing = 0;
		};
		8C175FD01CF5E30F00CD18C4 /* Sources */ = {
			isa = PBXSourcesBuildPhase;
			buildActionMask = 2147483647;
			files = (
				8C175FE81CF5EAEB00CD18C4 /* TemperatureRanges.swift in Sources */,
				8CD99EE21D00DC550019750B /* TemperatureSettingsInteractor.swift in Sources */,
				8C175FEE1CF5F4BE00CD18C4 /* TemperatureSettingsPresenter.swift in Sources */,
				8C175FDC1CF5E30F00CD18C4 /* FixtureExample.swift in Sources */,
				8C175FE61CF5E81F00CD18C4 /* CreateTemperatureStates.swift in Sources */,
				8C175FEB1CF5F19500CD18C4 /* TemperatureSettingsDisplay.swift in Sources */,
				8C175FF51CF5FB4700CD18C4 /* TemperatureSettingsInteractorOutput.swift in Sources */,
				8CD99EE31D015F2E0019750B /* TemperatureSettingEntityGatewaySimple.swift in Sources */,
				8CD99EE11D00DBD80019750B /* TemperatureSettingEntity.swift in Sources */,
				8C175FD91CF5E30F00CD18C4 /* AcceptanceTests.m in Sources */,
			);
			runOnlyForDeploymentPostprocessing = 0;
		};
/* End PBXSourcesBuildPhase section */

/* Begin PBXTargetDependency section */
		8C175FB01CF5DE4100CD18C4 /* PBXTargetDependency */ = {
			isa = PBXTargetDependency;
			target = 8C175F991CF5DE4100CD18C4 /* CosyHome */;
			targetProxy = 8C175FAF1CF5DE4100CD18C4 /* PBXContainerItemProxy */;
		};
/* End PBXTargetDependency section */

/* Begin PBXVariantGroup section */
		8C175FA11CF5DE4100CD18C4 /* Main.storyboard */ = {
			isa = PBXVariantGroup;
			children = (
				8C175FA21CF5DE4100CD18C4 /* Base */,
			);
			name = Main.storyboard;
			sourceTree = "<group>";
		};
		8C175FA61CF5DE4100CD18C4 /* LaunchScreen.storyboard */ = {
			isa = PBXVariantGroup;
			children = (
				8C175FA71CF5DE4100CD18C4 /* Base */,
			);
			name = LaunchScreen.storyboard;
			sourceTree = "<group>";
		};
/* End PBXVariantGroup section */

/* Begin XCBuildConfiguration section */
		8C175FB51CF5DE4100CD18C4 /* Debug */ = {
			isa = XCBuildConfiguration;
			buildSettings = {
				ALWAYS_SEARCH_USER_PATHS = NO;
				CLANG_ANALYZER_NONNULL = YES;
				CLANG_CXX_LANGUAGE_STANDARD = "gnu++0x";
				CLANG_CXX_LIBRARY = "libc++";
				CLANG_ENABLE_MODULES = YES;
				CLANG_ENABLE_OBJC_ARC = YES;
				CLANG_WARN_BOOL_CONVERSION = YES;
				CLANG_WARN_CONSTANT_CONVERSION = YES;
				CLANG_WARN_DIRECT_OBJC_ISA_USAGE = YES_ERROR;
				CLANG_WARN_EMPTY_BODY = YES;
				CLANG_WARN_ENUM_CONVERSION = YES;
				CLANG_WARN_INT_CONVERSION = YES;
				CLANG_WARN_OBJC_ROOT_CLASS = YES_ERROR;
				CLANG_WARN_UNREACHABLE_CODE = YES;
				CLANG_WARN__DUPLICATE_METHOD_MATCH = YES;
				"CODE_SIGN_IDENTITY[sdk=iphoneos*]" = "iPhone Developer";
				COPY_PHASE_STRIP = NO;
				DEBUG_INFORMATION_FORMAT = dwarf;
				ENABLE_STRICT_OBJC_MSGSEND = YES;
				ENABLE_TESTABILITY = YES;
				GCC_C_LANGUAGE_STANDARD = gnu99;
				GCC_DYNAMIC_NO_PIC = NO;
				GCC_NO_COMMON_BLOCKS = YES;
				GCC_OPTIMIZATION_LEVEL = 0;
				GCC_PREPROCESSOR_DEFINITIONS = (
					"DEBUG=1",
					"$(inherited)",
				);
				GCC_WARN_64_TO_32_BIT_CONVERSION = YES;
				GCC_WARN_ABOUT_RETURN_TYPE = YES_ERROR;
				GCC_WARN_UNDECLARED_SELECTOR = YES;
				GCC_WARN_UNINITIALIZED_AUTOS = YES_AGGRESSIVE;
				GCC_WARN_UNUSED_FUNCTION = YES;
				GCC_WARN_UNUSED_VARIABLE = YES;
				IPHONEOS_DEPLOYMENT_TARGET = 9.3;
				MTL_ENABLE_DEBUG_INFO = YES;
				ONLY_ACTIVE_ARCH = YES;
				SDKROOT = iphoneos;
				SWIFT_OPTIMIZATION_LEVEL = "-Onone";
			};
			name = Debug;
		};
		8C175FB61CF5DE4100CD18C4 /* Release */ = {
			isa = XCBuildConfiguration;
			buildSettings = {
				ALWAYS_SEARCH_USER_PATHS = NO;
				CLANG_ANALYZER_NONNULL = YES;
				CLANG_CXX_LANGUAGE_STANDARD = "gnu++0x";
				CLANG_CXX_LIBRARY = "libc++";
				CLANG_ENABLE_MODULES = YES;
				CLANG_ENABLE_OBJC_ARC = YES;
				CLANG_WARN_BOOL_CONVERSION = YES;
				CLANG_WARN_CONSTANT_CONVERSION = YES;
				CLANG_WARN_DIRECT_OBJC_ISA_USAGE = YES_ERROR;
				CLANG_WARN_EMPTY_BODY = YES;
				CLANG_WARN_ENUM_CONVERSION = YES;
				CLANG_WARN_INT_CONVERSION = YES;
				CLANG_WARN_OBJC_ROOT_CLASS = YES_ERROR;
				CLANG_WARN_UNREACHABLE_CODE = YES;
				CLANG_WARN__DUPLICATE_METHOD_MATCH = YES;
				"CODE_SIGN_IDENTITY[sdk=iphoneos*]" = "iPhone Developer";
				COPY_PHASE_STRIP = NO;
				DEBUG_INFORMATION_FORMAT = "dwarf-with-dsym";
				ENABLE_NS_ASSERTIONS = NO;
				ENABLE_STRICT_OBJC_MSGSEND = YES;
				GCC_C_LANGUAGE_STANDARD = gnu99;
				GCC_NO_COMMON_BLOCKS = YES;
				GCC_WARN_64_TO_32_BIT_CONVERSION = YES;
				GCC_WARN_ABOUT_RETURN_TYPE = YES_ERROR;
				GCC_WARN_UNDECLARED_SELECTOR = YES;
				GCC_WARN_UNINITIALIZED_AUTOS = YES_AGGRESSIVE;
				GCC_WARN_UNUSED_FUNCTION = YES;
				GCC_WARN_UNUSED_VARIABLE = YES;
				IPHONEOS_DEPLOYMENT_TARGET = 9.3;
				MTL_ENABLE_DEBUG_INFO = NO;
				SDKROOT = iphoneos;
				VALIDATE_PRODUCT = YES;
			};
			name = Release;
		};
		8C175FB81CF5DE4100CD18C4 /* Debug */ = {
			isa = XCBuildConfiguration;
			buildSettings = {
				ASSETCATALOG_COMPILER_APPICON_NAME = AppIcon;
				INFOPLIST_FILE = CosyHome/Info.plist;
				LD_RUNPATH_SEARCH_PATHS = "$(inherited) @executable_path/Frameworks";
				PRODUCT_BUNDLE_IDENTIFIER = net.stringerstheory.CosyHome;
				PRODUCT_NAME = "$(TARGET_NAME)";
			};
			name = Debug;
		};
		8C175FB91CF5DE4100CD18C4 /* Release */ = {
			isa = XCBuildConfiguration;
			buildSettings = {
				ASSETCATALOG_COMPILER_APPICON_NAME = AppIcon;
				INFOPLIST_FILE = CosyHome/Info.plist;
				LD_RUNPATH_SEARCH_PATHS = "$(inherited) @executable_path/Frameworks";
				PRODUCT_BUNDLE_IDENTIFIER = net.stringerstheory.CosyHome;
				PRODUCT_NAME = "$(TARGET_NAME)";
			};
			name = Release;
		};
		8C175FBB1CF5DE4100CD18C4 /* Debug */ = {
			isa = XCBuildConfiguration;
			buildSettings = {
				BUNDLE_LOADER = "${TEST_HOST}";
				INFOPLIST_FILE = CosyHomeTests/Info.plist;
				LD_RUNPATH_SEARCH_PATHS = "$(inherited) @executable_path/Frameworks @loader_path/Frameworks";
				PRODUCT_BUNDLE_IDENTIFIER = net.stringerstheory.CosyHomeTests;
				PRODUCT_NAME = "$(TARGET_NAME)";
				TEST_HOST = "$(BUILT_PRODUCTS_DIR)/CosyHome.app/CosyHome";
			};
			name = Debug;
		};
		8C175FBC1CF5DE4100CD18C4 /* Release */ = {
			isa = XCBuildConfiguration;
			buildSettings = {
				BUNDLE_LOADER = "${TEST_HOST}";
				INFOPLIST_FILE = CosyHomeTests/Info.plist;
				LD_RUNPATH_SEARCH_PATHS = "$(inherited) @executable_path/Frameworks @loader_path/Frameworks";
				PRODUCT_BUNDLE_IDENTIFIER = net.stringerstheory.CosyHomeTests;
				PRODUCT_NAME = "$(TARGET_NAME)";
				TEST_HOST = "$(BUILT_PRODUCTS_DIR)/CosyHome.app/CosyHome";
			};
			name = Release;
		};
		8C175FE31CF5E30F00CD18C4 /* Debug */ = {
			isa = XCBuildConfiguration;
			baseConfigurationReference = 89145F371D367340B4EE1E0C /* Pods-AcceptanceTests.debug.xcconfig */;
			buildSettings = {
				CODE_SIGN_IDENTITY = "-";
				INFOPLIST_FILE = AcceptanceTests/Info.plist;
				LD_RUNPATH_SEARCH_PATHS = "$(inherited) @executable_path/../Frameworks";
				MACOSX_DEPLOYMENT_TARGET = 10.11;
				PRODUCT_BUNDLE_IDENTIFIER = net.stringerstheory.AcceptanceTests;
				PRODUCT_NAME = "$(TARGET_NAME)";
				SDKROOT = macosx;
				SWIFT_OBJC_BRIDGING_HEADER = "AcceptanceTests/AcceptanceTests-Bridging-Header.h";
				TEST_HOST = "";
			};
			name = Debug;
		};
		8C175FE41CF5E30F00CD18C4 /* Release */ = {
			isa = XCBuildConfiguration;
			baseConfigurationReference = 96BB3160EF7232E9F7A9D4CE /* Pods-AcceptanceTests.release.xcconfig */;
			buildSettings = {
				CODE_SIGN_IDENTITY = "-";
				INFOPLIST_FILE = AcceptanceTests/Info.plist;
				LD_RUNPATH_SEARCH_PATHS = "$(inherited) @executable_path/../Frameworks";
				MACOSX_DEPLOYMENT_TARGET = 10.11;
				PRODUCT_BUNDLE_IDENTIFIER = net.stringerstheory.AcceptanceTests;
				PRODUCT_NAME = "$(TARGET_NAME)";
				SDKROOT = macosx;
				SWIFT_OBJC_BRIDGING_HEADER = "AcceptanceTests/AcceptanceTests-Bridging-Header.h";
				TEST_HOST = "";
			};
			name = Release;
		};
/* End XCBuildConfiguration section */

/* Begin XCConfigurationList section */
		8C175F951CF5DE4100CD18C4 /* Build configuration list for PBXProject "CosyHome" */ = {
			isa = XCConfigurationList;
			buildConfigurations = (
				8C175FB51CF5DE4100CD18C4 /* Debug */,
				8C175FB61CF5DE4100CD18C4 /* Release */,
			);
			defaultConfigurationIsVisible = 0;
			defaultConfigurationName = Release;
		};
		8C175FB71CF5DE4100CD18C4 /* Build configuration list for PBXNativeTarget "CosyHome" */ = {
			isa = XCConfigurationList;
			buildConfigurations = (
				8C175FB81CF5DE4100CD18C4 /* Debug */,
				8C175FB91CF5DE4100CD18C4 /* Release */,
			);
			defaultConfigurationIsVisible = 0;
			defaultConfigurationName = Release;
		};
		8C175FBA1CF5DE4100CD18C4 /* Build configuration list for PBXNativeTarget "CosyHomeTests" */ = {
			isa = XCConfigurationList;
			buildConfigurations = (
				8C175FBB1CF5DE4100CD18C4 /* Debug */,
				8C175FBC1CF5DE4100CD18C4 /* Release */,
			);
			defaultConfigurationIsVisible = 0;
			defaultConfigurationName = Release;
		};
		8C175FE21CF5E30F00CD18C4 /* Build configuration list for PBXNativeTarget "AcceptanceTests" */ = {
			isa = XCConfigurationList;
			buildConfigurations = (
				8C175FE31CF5E30F00CD18C4 /* Debug */,
				8C175FE41CF5E30F00CD18C4 /* Release */,
			);
			defaultConfigurationIsVisible = 0;
			defaultConfigurationName = Release;
		};
/* End XCConfigurationList section */
	};
	rootObject = 8C175F921CF5DE4100CD18C4 /* Project object */;
}
